
Microsoft Visual Studio Solution File, Format Version 12.00
# Visual Studio Version 17
VisualStudioVersion = 17.11.35327.3
MinimumVisualStudioVersion = 10.0.40219.1
Project("{FAE04EC0-301F-11D3-BF4B-00C04F79EFBC}") = "SV_Entidad", "SV_Entidad\SV_Entidad.csproj", "{5B337479-B86B-4483-AB00-48BFCCCD4F1C}"
EndProject
Project("{FAE04EC0-301F-11D3-BF4B-00C04F79EFBC}") = "SV_BussinessLayer", "SV_BussinessLayer\SV_BussinessLayer.csproj", "{3962A312-BBD3-47B6-8394-B6ED251D4B65}"
EndProject
Project("{FAE04EC0-301F-11D3-BF4B-00C04F79EFBC}") = "SV_DataAccesLayer", "SV_DataAccesLayer\SV_DataAccesLayer.csproj", "{7C30689A-86AD-4196-9A02-AEE157045E41}"
EndProject
Project("{FAE04EC0-301F-11D3-BF4B-00C04F79EFBC}") = "SV_UserInterfazPresentacion", "SV_UserInterfazPresentacion\SV_UserInterfazPresentacion.csproj", "{C0670B42-29C1-4DFB-8655-DAC93DE96CCF}"
EndProject
Project("{FAE04EC0-301F-11D3-BF4B-00C04F79EFBC}") = "SV_WebApplication", "SV_WebApplication\SV_WebApplication.csproj", "{CA1DEB7D-17D7-4404-A26D-D44AE80C120F}"
EndProject
Global
	GlobalSection(SolutionConfigurationPlatforms) = preSolution
		Debug|Any CPU = Debug|Any CPU
		Release|Any CPU = Release|Any CPU
	EndGlobalSection
	GlobalSection(ProjectConfigurationPlatforms) = postSolution
		{5B337479-B86B-4483-AB00-48BFCCCD4F1C}.Debug|Any CPU.ActiveCfg = Debug|Any CPU
		{5B337479-B86B-4483-AB00-48BFCCCD4F1C}.Debug|Any CPU.Build.0 = Debug|Any CPU
		{5B337479-B86B-4483-AB00-48BFCCCD4F1C}.Release|Any CPU.ActiveCfg = Release|Any CPU
		{5B337479-B86B-4483-AB00-48BFCCCD4F1C}.Release|Any CPU.Build.0 = Release|Any CPU
		{3962A312-BBD3-47B6-8394-B6ED251D4B65}.Debug|Any CPU.ActiveCfg = Debug|Any CPU
		{3962A312-BBD3-47B6-8394-B6ED251D4B65}.Debug|Any CPU.Build.0 = Debug|Any CPU
		{3962A312-BBD3-47B6-8394-B6ED251D4B65}.Release|Any CPU.ActiveCfg = Release|Any CPU
		{3962A312-BBD3-47B6-8394-B6ED251D4B65}.Release|Any CPU.Build.0 = Release|Any CPU
		{7C30689A-86AD-4196-9A02-AEE157045E41}.Debug|Any CPU.ActiveCfg = Debug|Any CPU
		{7C30689A-86AD-4196-9A02-AEE157045E41}.Debug|Any CPU.Build.0 = Debug|Any CPU
		{7C30689A-86AD-4196-9A02-AEE157045E41}.Release|Any CPU.ActiveCfg = Release|Any CPU
		{7C30689A-86AD-4196-9A02-AEE157045E41}.Release|Any CPU.Build.0 = Release|Any CPU
		{C0670B42-29C1-4DFB-8655-DAC93DE96CCF}.Debug|Any CPU.ActiveCfg = Debug|Any CPU
		{C0670B42-29C1-4DFB-8655-DAC93DE96CCF}.Debug|Any CPU.Build.0 = Debug|Any CPU
		{C0670B42-29C1-4DFB-8655-DAC93DE96CCF}.Release|Any CPU.ActiveCfg = Release|Any CPU
		{C0670B42-29C1-4DFB-8655-DAC93DE96CCF}.Release|Any CPU.Build.0 = Release|Any CPU
		{CA1DEB7D-17D7-4404-A26D-D44AE80C120F}.Debug|Any CPU.ActiveCfg = Debug|Any CPU
		{CA1DEB7D-17D7-4404-A26D-D44AE80C120F}.Debug|Any CPU.Build.0 = Debug|Any CPU
		{CA1DEB7D-17D7-4404-A26D-D44AE80C120F}.Release|Any CPU.ActiveCfg = Release|Any CPU
		{CA1DEB7D-17D7-4404-A26D-D44AE80C120F}.Release|Any CPU.Build.0 = Release|Any CPU
	EndGlobalSection
	GlobalSection(SolutionProperties) = preSolution
		HideSolutionNode = FALSE
	EndGlobalSection
	GlobalSection(ExtensibilityGlobals) = postSolution
		SolutionGuid = {008CBFFD-6E4B-4E20-AF9A-F4115E2FC370}
	EndGlobalSection
EndGlobal
